
Microsoft Visual Studio Solution File, Format Version 12.00
# Visual Studio Version 16
VisualStudioVersion = 16.0.29102.190
MinimumVisualStudioVersion = 10.0.40219.1
Project("{9A19103F-16F7-4668-BE54-9A1E7A4F7556}") = "dot-net-academy-asp-mvc", "dot-net-academy-asp-mvc.csproj", "{AC18EF42-430D-4405-BFB0-DCC45312AC79}"
EndProject
Global
	GlobalSection(SolutionConfigurationPlatforms) = preSolution
		Debug|Any CPU = Debug|Any CPU
		Release|Any CPU = Release|Any CPU
	EndGlobalSection
	GlobalSection(ProjectConfigurationPlatforms) = postSolution
		{AC18EF42-430D-4405-BFB0-DCC45312AC79}.Debug|Any CPU.ActiveCfg = Debug|Any CPU
		{AC18EF42-430D-4405-BFB0-DCC45312AC79}.Debug|Any CPU.Build.0 = Debug|Any CPU
		{AC18EF42-430D-4405-BFB0-DCC45312AC79}.Release|Any CPU.ActiveCfg = Release|Any CPU
		{AC18EF42-430D-4405-BFB0-DCC45312AC79}.Release|Any CPU.Build.0 = Release|Any CPU
	EndGlobalSection
	GlobalSection(SolutionProperties) = preSolution
		HideSolutionNode = FALSE
	EndGlobalSection
	GlobalSection(ExtensibilityGlobals) = postSolution
		SolutionGuid = {99C29D4E-A348-4665-B024-C386FA8556D7}
	EndGlobalSection
EndGlobal
